
Microsoft Visual Studio Solution File, Format Version 12.00
# Visual Studio Version 17
VisualStudioVersion = 17.9.34622.214
MinimumVisualStudioVersion = 10.0.40219.1
Project("{F184B08F-C81C-45F6-A57F-5ABD9991F28F}") = "PRACTICA", "PRACTICA\PRACTICA.vbproj", "{C12E3890-2FFC-4E25-A721-2738CD6E242D}"
EndProject
Global
	GlobalSection(SolutionConfigurationPlatforms) = preSolution
		Debug|Any CPU = Debug|Any CPU
		Release|Any CPU = Release|Any CPU
	EndGlobalSection
	GlobalSection(ProjectConfigurationPlatforms) = postSolution
		{C12E3890-2FFC-4E25-A721-2738CD6E242D}.Debug|Any CPU.ActiveCfg = Debug|Any CPU
		{C12E3890-2FFC-4E25-A721-2738CD6E242D}.Debug|Any CPU.Build.0 = Debug|Any CPU
		{C12E3890-2FFC-4E25-A721-2738CD6E242D}.Release|Any CPU.ActiveCfg = Release|Any CPU
		{C12E3890-2FFC-4E25-A721-2738CD6E242D}.Release|Any CPU.Build.0 = Release|Any CPU
	EndGlobalSection
	GlobalSection(SolutionProperties) = preSolution
		HideSolutionNode = FALSE
	EndGlobalSection
	GlobalSection(ExtensibilityGlobals) = postSolution
		SolutionGuid = {F706E3C3-A1F5-4133-AF85-0F057A9AD267}
	EndGlobalSection
EndGlobal
